
Microsoft Visual Studio Solution File, Format Version 12.00
# Visual Studio Version 16
VisualStudioVersion = 16.0.30717.126
MinimumVisualStudioVersion = 10.0.40219.1
Project("{FAE04EC0-301F-11D3-BF4B-00C04F79EFBC}") = "SoftUni", "SoftUni\SoftUni.csproj", "{F552EBFA-B02B-433A-A0F7-FE6BE716D327}"
EndProject
Global
	GlobalSection(SolutionConfigurationPlatforms) = preSolution
		Debug|Any CPU = Debug|Any CPU
		Release|Any CPU = Release|Any CPU
	EndGlobalSection
	GlobalSection(ProjectConfigurationPlatforms) = postSolution
		{F552EBFA-B02B-433A-A0F7-FE6BE716D327}.Debug|Any CPU.ActiveCfg = Debug|Any CPU
		{F552EBFA-B02B-433A-A0F7-FE6BE716D327}.Debug|Any CPU.Build.0 = Debug|Any CPU
		{F552EBFA-B02B-433A-A0F7-FE6BE716D327}.Release|Any CPU.ActiveCfg = Release|Any CPU
		{F552EBFA-B02B-433A-A0F7-FE6BE716D327}.Release|Any CPU.Build.0 = Release|Any CPU
	EndGlobalSection
	GlobalSection(SolutionProperties) = preSolution
		HideSolutionNode = FALSE
	EndGlobalSection
	GlobalSection(ExtensibilityGlobals) = postSolution
		SolutionGuid = {23DFECBB-E4AA-4251-B05B-E3B0699420BA}
	EndGlobalSection
EndGlobal
