
Microsoft Visual Studio Solution File, Format Version 12.00
# Visual Studio Version 16
VisualStudioVersion = 16.0.30717.126
MinimumVisualStudioVersion = 10.0.40219.1
Project("{2150E333-8FDC-42A3-9474-1A3956D46DE8}") = "Introduction Database First", "Introduction Database First", "{EF2FB0A3-853E-4E5F-A66E-779586F97771}"
EndProject
Project("{2150E333-8FDC-42A3-9474-1A3956D46DE8}") = "Entity Relations Code First", "Entity Relations Code First", "{F85119C6-195B-4F62-A0B5-8C22DBE6B6BA}"
EndProject
Project("{2150E333-8FDC-42A3-9474-1A3956D46DE8}") = "My Cool Car System", "My Cool Car System", "{BD5B951C-1DA9-421B-A21F-18576B78CD6A}"
EndProject
Project("{9A19103F-16F7-4668-BE54-9A1E7A4F7556}") = "MyCoolCarSystem", "EntityRelations\MyCoolCarSystem\MyCoolCarSystem.csproj", "{59BCCF1C-8E90-46CF-BCCB-2F87A20D6449}"
EndProject
Project("{2150E333-8FDC-42A3-9474-1A3956D46DE8}") = "Football Betting System", "Football Betting System", "{712D9E18-0FD7-4706-9D82-BB9B40E51397}"
EndProject
Project("{9A19103F-16F7-4668-BE54-9A1E7A4F7556}") = "P03_FootballBetting", "EntityRelations\FootballBettingSystem\P03_FootballBetting\P03_FootballBetting.csproj", "{55495617-641D-400A-9D35-DFE255B55D86}"
EndProject
Project("{9A19103F-16F7-4668-BE54-9A1E7A4F7556}") = "P03_FootballBetting.Data", "EntityRelations\FootballBettingSystem\P03_FootballBetting.Data\P03_FootballBetting.Data.csproj", "{8402AFC1-FA78-4171-AFEF-AC1C136D3E83}"
EndProject
Project("{9A19103F-16F7-4668-BE54-9A1E7A4F7556}") = "P03_FootballBetting.Data.Models", "EntityRelations\FootballBettingSystem\P03_FootballBetting.Data.Models\P03_FootballBetting.Data.Models.csproj", "{134F5CA6-3CA7-4F76-8085-609AEFBF091E}"
EndProject
Project("{9A19103F-16F7-4668-BE54-9A1E7A4F7556}") = "SoftUni", "Introduction\SoftUni\SoftUni.csproj", "{9B1782CE-AB5B-43CB-90B8-E804A3CD03C3}"
EndProject
Project("{2150E333-8FDC-42A3-9474-1A3956D46DE8}") = "LINQ", "LINQ", "{AF314974-7063-44E5-AAC6-E00518B2F117}"
EndProject
Project("{9A19103F-16F7-4668-BE54-9A1E7A4F7556}") = "HospitalDatabaseInitializer", "LINQ\HospitalDatabaseInitializer\HospitalDatabaseInitializer.csproj", "{DB0E42BA-0F39-447F-BD12-0716FB5B586B}"
EndProject
Global
	GlobalSection(SolutionConfigurationPlatforms) = preSolution
		Debug|Any CPU = Debug|Any CPU
		Release|Any CPU = Release|Any CPU
	EndGlobalSection
	GlobalSection(ProjectConfigurationPlatforms) = postSolution
		{59BCCF1C-8E90-46CF-BCCB-2F87A20D6449}.Debug|Any CPU.ActiveCfg = Debug|Any CPU
		{59BCCF1C-8E90-46CF-BCCB-2F87A20D6449}.Debug|Any CPU.Build.0 = Debug|Any CPU
		{59BCCF1C-8E90-46CF-BCCB-2F87A20D6449}.Release|Any CPU.ActiveCfg = Release|Any CPU
		{59BCCF1C-8E90-46CF-BCCB-2F87A20D6449}.Release|Any CPU.Build.0 = Release|Any CPU
		{55495617-641D-400A-9D35-DFE255B55D86}.Debug|Any CPU.ActiveCfg = Debug|Any CPU
		{55495617-641D-400A-9D35-DFE255B55D86}.Debug|Any CPU.Build.0 = Debug|Any CPU
		{55495617-641D-400A-9D35-DFE255B55D86}.Release|Any CPU.ActiveCfg = Release|Any CPU
		{55495617-641D-400A-9D35-DFE255B55D86}.Release|Any CPU.Build.0 = Release|Any CPU
		{8402AFC1-FA78-4171-AFEF-AC1C136D3E83}.Debug|Any CPU.ActiveCfg = Debug|Any CPU
		{8402AFC1-FA78-4171-AFEF-AC1C136D3E83}.Debug|Any CPU.Build.0 = Debug|Any CPU
		{8402AFC1-FA78-4171-AFEF-AC1C136D3E83}.Release|Any CPU.ActiveCfg = Release|Any CPU
		{8402AFC1-FA78-4171-AFEF-AC1C136D3E83}.Release|Any CPU.Build.0 = Release|Any CPU
		{134F5CA6-3CA7-4F76-8085-609AEFBF091E}.Debug|Any CPU.ActiveCfg = Debug|Any CPU
		{134F5CA6-3CA7-4F76-8085-609AEFBF091E}.Debug|Any CPU.Build.0 = Debug|Any CPU
		{134F5CA6-3CA7-4F76-8085-609AEFBF091E}.Release|Any CPU.ActiveCfg = Release|Any CPU
		{134F5CA6-3CA7-4F76-8085-609AEFBF091E}.Release|Any CPU.Build.0 = Release|Any CPU
		{9B1782CE-AB5B-43CB-90B8-E804A3CD03C3}.Debug|Any CPU.ActiveCfg = Debug|Any CPU
		{9B1782CE-AB5B-43CB-90B8-E804A3CD03C3}.Debug|Any CPU.Build.0 = Debug|Any CPU
		{9B1782CE-AB5B-43CB-90B8-E804A3CD03C3}.Release|Any CPU.ActiveCfg = Release|Any CPU
		{9B1782CE-AB5B-43CB-90B8-E804A3CD03C3}.Release|Any CPU.Build.0 = Release|Any CPU
		{DB0E42BA-0F39-447F-BD12-0716FB5B586B}.Debug|Any CPU.ActiveCfg = Debug|Any CPU
		{DB0E42BA-0F39-447F-BD12-0716FB5B586B}.Debug|Any CPU.Build.0 = Debug|Any CPU
		{DB0E42BA-0F39-447F-BD12-0716FB5B586B}.Release|Any CPU.ActiveCfg = Release|Any CPU
		{DB0E42BA-0F39-447F-BD12-0716FB5B586B}.Release|Any CPU.Build.0 = Release|Any CPU
	EndGlobalSection
	GlobalSection(SolutionProperties) = preSolution
		HideSolutionNode = FALSE
	EndGlobalSection
	GlobalSection(NestedProjects) = preSolution
		{BD5B951C-1DA9-421B-A21F-18576B78CD6A} = {F85119C6-195B-4F62-A0B5-8C22DBE6B6BA}
		{59BCCF1C-8E90-46CF-BCCB-2F87A20D6449} = {BD5B951C-1DA9-421B-A21F-18576B78CD6A}
		{712D9E18-0FD7-4706-9D82-BB9B40E51397} = {F85119C6-195B-4F62-A0B5-8C22DBE6B6BA}
		{55495617-641D-400A-9D35-DFE255B55D86} = {712D9E18-0FD7-4706-9D82-BB9B40E51397}
		{8402AFC1-FA78-4171-AFEF-AC1C136D3E83} = {712D9E18-0FD7-4706-9D82-BB9B40E51397}
		{134F5CA6-3CA7-4F76-8085-609AEFBF091E} = {712D9E18-0FD7-4706-9D82-BB9B40E51397}
		{9B1782CE-AB5B-43CB-90B8-E804A3CD03C3} = {EF2FB0A3-853E-4E5F-A66E-779586F97771}
		{DB0E42BA-0F39-447F-BD12-0716FB5B586B} = {AF314974-7063-44E5-AAC6-E00518B2F117}
	EndGlobalSection
	GlobalSection(ExtensibilityGlobals) = postSolution
		SolutionGuid = {23DFECBB-E4AA-4251-B05B-E3B0699420BA}
	EndGlobalSection
EndGlobal
